{
  "name": "serenity-shores-poolside-pulse",
  "version": "1.0.0",
  "lockfileVersion": 3,
  "requires": true,
  "packages": {
    "": {
      "name": "serenity-shores-poolside-pulse",
      "version": "1.0.0",
      "dependencies": {
        "@vitejs/plugin-react": "latest",
        "typescript": "latest",
        "vite": "latest"
      }
    }
  }
}
